
Microsoft Visual Studio Solution File, Format Version 12.00
# Visual Studio 2012
Project("{FAE04EC0-301F-11D3-BF4B-00C04F79EFBC}") = "Interfaces", "Interfaces\Interfaces.csproj", "{F563CE2C-77CF-42A5-97CC-D24AD6A4B18D}"
EndProject
Global
	GlobalSection(SolutionConfigurationPlatforms) = preSolution
		Debug|x86 = Debug|x86
		Release|x86 = Release|x86
	EndGlobalSection
	GlobalSection(ProjectConfigurationPlatforms) = postSolution
		{F563CE2C-77CF-42A5-97CC-D24AD6A4B18D}.Debug|x86.ActiveCfg = Debug|x86
		{F563CE2C-77CF-42A5-97CC-D24AD6A4B18D}.Debug|x86.Build.0 = Debug|x86
		{F563CE2C-77CF-42A5-97CC-D24AD6A4B18D}.Release|x86.ActiveCfg = Release|x86
		{F563CE2C-77CF-42A5-97CC-D24AD6A4B18D}.Release|x86.Build.0 = Release|x86
	EndGlobalSection
EndGlobal
